
Microsoft Visual Studio Solution File, Format Version 12.00
# Visual Studio 15
VisualStudioVersion = 15.0.27703.2042
MinimumVisualStudioVersion = 10.0.40219.1
Project("{FAE04EC0-301F-11D3-BF4B-00C04F79EFBC}") = "VandelayWebAPI", "VandelayWebAPI\VandelayWebAPI.csproj", "{EEE05A66-39EE-4055-A036-AF319F2F9B15}"
EndProject
Global
	GlobalSection(SolutionConfigurationPlatforms) = preSolution
		Debug|Any CPU = Debug|Any CPU
		Release|Any CPU = Release|Any CPU
	EndGlobalSection
	GlobalSection(ProjectConfigurationPlatforms) = postSolution
		{EEE05A66-39EE-4055-A036-AF319F2F9B15}.Debug|Any CPU.ActiveCfg = Debug|Any CPU
		{EEE05A66-39EE-4055-A036-AF319F2F9B15}.Debug|Any CPU.Build.0 = Debug|Any CPU
		{EEE05A66-39EE-4055-A036-AF319F2F9B15}.Release|Any CPU.ActiveCfg = Release|Any CPU
		{EEE05A66-39EE-4055-A036-AF319F2F9B15}.Release|Any CPU.Build.0 = Release|Any CPU
	EndGlobalSection
	GlobalSection(SolutionProperties) = preSolution
		HideSolutionNode = FALSE
	EndGlobalSection
	GlobalSection(ExtensibilityGlobals) = postSolution
		SolutionGuid = {4C8C2251-8BD2-4A27-BF52-6C8F1E4508AD}
	EndGlobalSection
EndGlobal
